[[package]]
category = "main"
description = "Working with iterable data structures made easy"
name = "instructions"
optional = false
python-versions = "*"
version = "0.1.0"

[metadata]
content-hash = "aa7b77ccc65507f86f734c5bbb5a7f13af8998160468354c6256b24ba7d56a0f"
python-versions = "^3.7"

[metadata.hashes]
instructions = ["6b40d0d68cf7290b0053700cb781218a0342f085ebb8fd5ef7fd88c782cbb6f4"]
